# This file is automatically @generated by Poetry 1.7.1 and should not be changed by hand.

[[package]]
name = "greenlet"
version = "3.0.3"
description = "Lightweight in-process concurrent programming"
optional = false
python-versions = ">=3.7"
files = [
    {file = "greenlet-3.0.3-cp310-cp310-macosx_11_0_universal2.whl", hash = "sha256:9da2bd29ed9e4f15955dd1595ad7bc9320308a3b766ef7f837e23ad4b4aac31a"},
    {file = "greenlet-3.0.3-cp310-cp310-manylinux_2_17_aarch64.manylinux2014_aarch64.whl", hash = "sha256:d353cadd6083fdb056bb46ed07e4340b0869c305c8ca54ef9da3421acbdf6881"},
    {file = "greenlet-3.0.3-cp310-cp310-manylinux_2_17_ppc64le.manylinux2014_ppc64le.whl", hash = "sha256:dca1e2f3ca00b84a396bc1bce13dd21f680f035314d2379c4160c98153b2059b"},
    {file = "greenlet-3.0.3-cp310-cp310-manylinux_2_17_s390x.manylinux2014_s390x.whl", hash = "sha256:3ed7fb269f15dc662787f4119ec300ad0702fa1b19d2135a37c2c4de6fadfd4a"},
    {file = "greenlet-3.0.3-cp310-cp310-manylinux_2_17_x86_64.manylinux2014_x86_64.whl", hash = "sha256:dd4f49ae60e10adbc94b45c0b5e6a179acc1736cf7a90160b404076ee283cf83"},
    {file = "greenlet-3.0.3-cp310-cp310-manylinux_2_24_x86_64.manylinux_2_28_x86_64.whl", hash = "sha256:73a411ef564e0e097dbe7e866bb2dda0f027e072b04da387282b02c308807405"},
    {file = "greenlet-3.0.3-cp310-cp310-musllinux_1_1_aarch64.whl", hash = "sha256:7f362975f2d179f9e26928c5b517524e89dd48530a0202570d55ad6ca5d8a56f"},
    {file = "greenlet-3.0.3-cp310-cp310-musllinux_1_1_x86_64.whl", hash = "sha256:649dde7de1a5eceb258f9cb00bdf50e978c9db1b996964cd80703614c86495eb"},
    {file = "greenlet-3.0.3-cp310-cp310-win_amd64.whl", hash = "sha256:68834da854554926fbedd38c76e60c4a2e3198c6fbed520b106a8986445caaf9"},
    {file = "greenlet-3.0.3-cp311-cp311-macosx_11_0_universal2.whl", hash = "sha256:b1b5667cced97081bf57b8fa1d6bfca67814b0afd38208d52538316e9422fc61"},
    {file = "greenlet-3.0.3-cp311-cp311-manylinux_2_17_aarch64.manylinux2014_aarch64.whl", hash = "sha256:52f59dd9c96ad2fc0d5724107444f76eb20aaccb675bf825df6435acb7703559"},
    {file = "greenlet-3.0.3-cp311-cp311-manylinux_2_17_ppc64le.manylinux2014_ppc64le.whl", hash = "sha256:afaff6cf5200befd5cec055b07d1c0a5a06c040fe5ad148abcd11ba6ab9b114e"},
    {file = "greenlet-3.0.3-cp311-cp311-manylinux_2_17_s390x.manylinux2014_s390x.whl", hash = "sha256:fe754d231288e1e64323cfad462fcee8f0288654c10bdf4f603a39ed923bef33"},
    {file = "greenlet-3.0.3-cp311-cp311-manylinux_2_17_x86_64.manylinux2014_x86_64.whl", hash = "sha256:2797aa5aedac23af156bbb5a6aa2cd3427ada2972c828244eb7d1b9255846379"},
    {file = "greenlet-3.0.3-cp311-cp311-manylinux_2_24_x86_64.manylinux_2_28_x86_64.whl", hash = "sha256:b7f009caad047246ed379e1c4dbcb8b020f0a390667ea74d2387be2998f58a22"},
    {file = "greenlet-3.0.3-cp311-cp311-musllinux_1_1_aarch64.whl", hash = "sha256:c5e1536de2aad7bf62e27baf79225d0d64360d4168cf2e6becb91baf1ed074f3"},
    {file = "greenlet-3.0.3-cp311-cp311-musllinux_1_1_x86_64.whl", hash = "sha256:894393ce10ceac937e56ec00bb71c4c2f8209ad516e96033e4b3b1de270e200d"},
    {file = "greenlet-3.0.3-cp311-cp311-win_amd64.whl", hash = "sha256:1ea188d4f49089fc6fb283845ab18a2518d279c7cd9da1065d7a84e991748728"},
    {file = "greenlet-3.0.3-cp312-cp312-macosx_11_0_universal2.whl", hash = "sha256:70fb482fdf2c707765ab5f0b6655e9cfcf3780d8d87355a063547b41177599be"},
    {file = "greenlet-3.0.3-cp312-cp312-manylinux_2_17_aarch64.manylinux2014_aarch64.whl", hash = "sha256:d4d1ac74f5c0c0524e4a24335350edad7e5f03b9532da7ea4d3c54d527784f2e"},
    {file = "greenlet-3.0.3-cp312-cp312-manylinux_2_17_ppc64le.manylinux2014_ppc64le.whl", hash = "sha256:149e94a2dd82d19838fe4b2259f1b6b9957d5ba1b25640d2380bea9c5df37676"},
    {file = "greenlet-3.0.3-cp312-cp312-manylinux_2_17_s390x.manylinux2014_s390x.whl", hash = "sha256:15d79dd26056573940fcb8c7413d84118086f2ec1a8acdfa854631084393efcc"},
    {file = "greenlet-3.0.3-cp312-cp312-manylinux_2_17_x86_64.manylinux2014_x86_64.whl", hash = "sha256:881b7db1ebff4ba09aaaeae6aa491daeb226c8150fc20e836ad00041bcb11230"},
    {file = "greenlet-3.0.3-cp312-cp312-manylinux_2_24_x86_64.manylinux_2_28_x86_64.whl", hash = "sha256:fcd2469d6a2cf298f198f0487e0a5b1a47a42ca0fa4dfd1b6862c999f018ebbf"},
    {file = "greenlet-3.0.3-cp312-cp312-musllinux_1_1_aarch64.whl", hash = "sha256:1f672519db1796ca0d8753f9e78ec02355e862d0998193038c7073045899f305"},
    {file = "greenlet-3.0.3-cp312-cp312-musllinux_1_1_x86_64.whl", hash = "sha256:2516a9957eed41dd8f1ec0c604f1cdc86758b587d964668b5b196a9db5bfcde6"},
    {file = "greenlet-3.0.3-cp312-cp312-win_amd64.whl", hash = "sha256:bba5387a6975598857d86de9eac14210a49d554a77eb8261cc68b7d082f78ce2"},
    {file = "greenlet-3.0.3-cp37-cp37m-macosx_11_0_universal2.whl", hash = "sha256:5b51e85cb5ceda94e79d019ed36b35386e8c37d22f07d6a751cb659b180d5274"},
    {file = "greenlet-3.0.3-cp37-cp37m-manylinux_2_17_aarch64.manylinux2014_aarch64.whl", hash = "sha256:daf3cb43b7cf2ba96d614252ce1684c1bccee6b2183a01328c98d36fcd7d5cb0"},
    {file = "greenlet-3.0.3-cp37-cp37m-manylinux_2_17_ppc64le.manylinux2014_ppc64le.whl", hash = "sha256:99bf650dc5d69546e076f413a87481ee1d2d09aaaaaca058c9251b6d8c14783f"},
    {file = "greenlet-3.0.3-cp37-cp37m-manylinux_2_17_s390x.manylinux2014_s390x.whl", hash = "sha256:2dd6e660effd852586b6a8478a1d244b8dc90ab5b1321751d2ea15deb49ed414"},
    {file = "greenlet-3.0.3-cp37-cp37m-manylinux_2_17_x86_64.manylinux2014_x86_64.whl", hash = "sha256:e3391d1e16e2a5a1507d83e4a8b100f4ee626e8eca43cf2cadb543de69827c4c"},
    {file = "greenlet-3.0.3-cp37-cp37m-manylinux_2_24_x86_64.manylinux_2_28_x86_64.whl", hash = "sha256:e1f145462f1fa6e4a4ae3c0f782e580ce44d57c8f2c7aae1b6fa88c0b2efdb41"},
    {file = "greenlet-3.0.3-cp37-cp37m-musllinux_1_1_aarch64.whl", hash = "sha256:1a7191e42732df52cb5f39d3527217e7ab73cae2cb3694d241e18f53d84ea9a7"},
    {file = "greenlet-3.0.3-cp37-cp37m-musllinux_1_1_x86_64.whl", hash = "sha256:0448abc479fab28b00cb472d278828b3ccca164531daab4e970a0458786055d6"},
    {file = "greenlet-3.0.3-cp37-cp37m-win32.whl", hash = "sha256:b542be2440edc2d48547b5923c408cbe0fc94afb9f18741faa6ae970dbcb9b6d"},
    {file = "greenlet-3.0.3-cp37-cp37m-win_amd64.whl", hash = "sha256:01bc7ea167cf943b4c802068e178bbf70ae2e8c080467070d01bfa02f337ee67"},
    {file = "greenlet-3.0.3-cp38-cp38-macosx_11_0_universal2.whl", hash = "sha256:1996cb9306c8595335bb157d133daf5cf9f693ef413e7673cb07e3e5871379ca"},
    {file = "greenlet-3.0.3-cp38-cp38-manylinux_2_17_aarch64.manylinux2014_aarch64.whl", hash = "sha256:3ddc0f794e6ad661e321caa8d2f0a55ce01213c74722587256fb6566049a8b04"},
    {file = "greenlet-3.0.3-cp38-cp38-manylinux_2_17_ppc64le.manylinux2014_ppc64le.whl", hash = "sha256:c9db1c18f0eaad2f804728c67d6c610778456e3e1cc4ab4bbd5eeb8e6053c6fc"},
    {file = "greenlet-3.0.3-cp38-cp38-manylinux_2_17_s390x.manylinux2014_s390x.whl", hash = "sha256:7170375bcc99f1a2fbd9c306f5be8764eaf3ac6b5cb968862cad4c7057756506"},
    {file = "greenlet-3.0.3-cp38-cp38-manylinux_2_17_x86_64.manylinux2014_x86_64.whl", hash = "sha256:6b66c9c1e7ccabad3a7d037b2bcb740122a7b17a53734b7d72a344ce39882a1b"},
    {file = "greenlet-3.0.3-cp38-cp38-manylinux_2_24_x86_64.manylinux_2_28_x86_64.whl", hash = "sha256:098d86f528c855ead3479afe84b49242e174ed262456c342d70fc7f972bc13c4"},
    {file = "greenlet-3.0.3-cp38-cp38-musllinux_1_1_aarch64.whl", hash = "sha256:81bb9c6d52e8321f09c3d165b2a78c680506d9af285bfccbad9fb7ad5a5da3e5"},
    {file = "greenlet-3.0.3-cp38-cp38-musllinux_1_1_x86_64.whl", hash = "sha256:fd096eb7ffef17c456cfa587523c5f92321ae02427ff955bebe9e3c63bc9f0da"},
    {file = "greenlet-3.0.3-cp38-cp38-win32.whl", hash = "sha256:d46677c85c5ba00a9cb6f7a00b2bfa6f812192d2c9f7d9c4f6a55b60216712f3"},
    {file = "greenlet-3.0.3-cp38-cp38-win_amd64.whl", hash = "sha256:419b386f84949bf0e7c73e6032e3457b82a787c1ab4a0e43732898a761cc9dbf"},
    {file = "greenlet-3.0.3-cp39-cp39-macosx_11_0_universal2.whl", hash = "sha256:da70d4d51c8b306bb7a031d5cff6cc25ad253affe89b70352af5f1cb68e74b53"},
    {file = "greenlet-3.0.3-cp39-cp39-manylinux_2_17_aarch64.manylinux2014_aarch64.whl", hash = "sha256:086152f8fbc5955df88382e8a75984e2bb1c892ad2e3c80a2508954e52295257"},
    {file = "greenlet-3.0.3-cp39-cp39-manylinux_2_17_ppc64le.manylinux2014_ppc64le.whl", hash = "sha256:d73a9fe764d77f87f8ec26a0c85144d6a951a6c438dfe50487df5595c6373eac"},
    {file = "greenlet-3.0.3-cp39-cp39-manylinux_2_17_s390x.manylinux2014_s390x.whl", hash = "sha256:b7dcbe92cc99f08c8dd11f930de4d99ef756c3591a5377d1d9cd7dd5e896da71"},
    {file = "greenlet-3.0.3-cp39-cp39-manylinux_2_17_x86_64.manylinux2014_x86_64.whl", hash = "sha256:1551a8195c0d4a68fac7a4325efac0d541b48def35feb49d803674ac32582f61"},
    {file = "greenlet-3.0.3-cp39-cp39-manylinux_2_24_x86_64.manylinux_2_28_x86_64.whl", hash = "sha256:64d7675ad83578e3fc149b617a444fab8efdafc9385471f868eb5ff83e446b8b"},
    {file = "greenlet-3.0.3-cp39-cp39-musllinux_1_1_aarch64.whl", hash = "sha256:b37eef18ea55f2ffd8f00ff8fe7c8d3818abd3e25fb73fae2ca3b672e333a7a6"},
    {file = "greenlet-3.0.3-cp39-cp39-musllinux_1_1_x86_64.whl", hash = "sha256:77457465d89b8263bca14759d7c1684df840b6811b2499838cc5b040a8b5b113"},
    {file = "greenlet-3.0.3-cp39-cp39-win32.whl", hash = "sha256:57e8974f23e47dac22b83436bdcf23080ade568ce77df33159e019d161ce1d1e"},
    {file = "greenlet-3.0.3-cp39-cp39-win_amd64.whl", hash = "sha256:c5ee858cfe08f34712f548c3c363e807e7186f03ad7a5039ebadb29e8c6be067"},
    {file = "greenlet-3.0.3.tar.gz", hash = "sha256:43374442353259554ce33599da8b692d5aa96f8976d567d4badf263371fbe491"},
]

[package.extras]
docs = ["Sphinx", "furo"]
test = ["objgraph", "psutil"]

[[package]]
name = "simplejson"
version = "3.19.2"
description = "Simple, fast, extensible JSON encoder/decoder for Python"
optional = false
python-versions = ">=2.5, !=3.0.*, !=3.1.*, !=3.2.*"
files = [
    {file = "simplejson-3.19.2-cp27-cp27m-macosx_10_9_x86_64.whl", hash = "sha256:3471e95110dcaf901db16063b2e40fb394f8a9e99b3fe9ee3acc6f6ef72183a2"},
    {file = "simplejson-3.19.2-cp27-cp27m-manylinux1_i686.whl", hash = "sha256:3194cd0d2c959062b94094c0a9f8780ffd38417a5322450a0db0ca1a23e7fbd2"},
    {file = "simplejson-3.19.2-cp27-cp27m-manylinux1_x86_64.whl", hash = "sha256:8a390e56a7963e3946ff2049ee1eb218380e87c8a0e7608f7f8790ba19390867"},
    {file = "simplejson-3.19.2-cp27-cp27m-manylinux2010_i686.whl", hash = "sha256:1537b3dd62d8aae644f3518c407aa8469e3fd0f179cdf86c5992792713ed717a"},
    {file = "simplejson-3.19.2-cp27-cp27m-manylinux2010_x86_64.whl", hash = "sha256:a8617625369d2d03766413bff9e64310feafc9fc4f0ad2b902136f1a5cd8c6b0"},
    {file = "simplejson-3.19.2-cp27-cp27mu-manylinux1_i686.whl", hash = "sha256:2c433a412e96afb9a3ce36fa96c8e61a757af53e9c9192c97392f72871e18e69"},
    {file = "simplejson-3.19.2-cp27-cp27mu-manylinux1_x86_64.whl", hash = "sha256:f1c70249b15e4ce1a7d5340c97670a95f305ca79f376887759b43bb33288c973"},
    {file = "simplejson-3.19.2-cp27-cp27mu-manylinux2010_i686.whl", hash = "sha256:287e39ba24e141b046812c880f4619d0ca9e617235d74abc27267194fc0c7835"},
    {file = "simplejson-3.19.2-cp27-cp27mu-manylinux2010_x86_64.whl", hash = "sha256:6f0a0b41dd05eefab547576bed0cf066595f3b20b083956b1405a6f17d1be6ad"},
    {file = "simplejson-3.19.2-cp310-cp310-macosx_10_9_universal2.whl", hash = "sha256:2f98d918f7f3aaf4b91f2b08c0c92b1774aea113334f7cde4fe40e777114dbe6"},
    {file = "simplejson-3.19.2-cp310-cp310-macosx_10_9_x86_64.whl", hash = "sha256:7d74beca677623481810c7052926365d5f07393c72cbf62d6cce29991b676402"},
    {file = "simplejson-3.19.2-cp310-cp310-macosx_11_0_arm64.whl", hash = "sha256:7f2398361508c560d0bf1773af19e9fe644e218f2a814a02210ac2c97ad70db0"},
    {file = "simplejson-3.19.2-cp310-cp310-manylinux_2_17_aarch64.manylinux2014_aarch64.whl", hash = "sha256:6ad331349b0b9ca6da86064a3599c425c7a21cd41616e175ddba0866da32df48"},
    {file = "simplejson-3.19.2-cp310-cp310-manylinux_2_17_ppc64le.manylinux2014_ppc64le.whl", hash = "sha256:332c848f02d71a649272b3f1feccacb7e4f7e6de4a2e6dc70a32645326f3d428"},
    {file = "simplejson-3.19.2-cp310-cp310-manylinux_2_5_i686.manylinux1_i686.manylinux_2_17_i686.manylinux2014_i686.whl", hash = "sha256:25785d038281cd106c0d91a68b9930049b6464288cea59ba95b35ee37c2d23a5"},
    {file = "simplejson-3.19.2-cp310-cp310-manylinux_2_5_x86_64.manylinux1_x86_64.manylinux_2_17_x86_64.manylinux2014_x86_64.whl", hash = "sha256:18955c1da6fc39d957adfa346f75226246b6569e096ac9e40f67d102278c3bcb"},
    {file = "simplejson-3.19.2-cp310-cp310-musllinux_1_1_aarch64.whl", hash = "sha256:11cc3afd8160d44582543838b7e4f9aa5e97865322844b75d51bf4e0e413bb3e"},
    {file = "simplejson-3.19.2-cp310-cp310-musllinux_1_1_i686.whl", hash = "sha256:b01fda3e95d07a6148702a641e5e293b6da7863f8bc9b967f62db9461330562c"},
    {file = "simplejson-3.19.2-cp310-cp310-musllinux_1_1_ppc64le.whl", hash = "sha256:778331444917108fa8441f59af45886270d33ce8a23bfc4f9b192c0b2ecef1b3"},
    {file = "simplejson-3.19.2-cp310-cp310-musllinux_1_1_x86_64.whl", hash = "sha256:9eb117db8d7ed733a7317c4215c35993b815bf6aeab67523f1f11e108c040672"},
    {file = "simplejson-3.19.2-cp310-cp310-win32.whl", hash = "sha256:39b6d79f5cbfa3eb63a869639cfacf7c41d753c64f7801efc72692c1b2637ac7"},
    {file = "simplejson-3.19.2-cp310-cp310-win_amd64.whl", hash = "sha256:5675e9d8eeef0aa06093c1ff898413ade042d73dc920a03e8cea2fb68f62445a"},
    {file = "simplejson-3.19.2-cp311-cp311-macosx_10_9_universal2.whl", hash = "sha256:ed628c1431100b0b65387419551e822987396bee3c088a15d68446d92f554e0c"},
    {file = "simplejson-3.19.2-cp311-cp311-macosx_10_9_x86_64.whl", hash = "sha256:adcb3332979cbc941b8fff07181f06d2b608625edc0a4d8bc3ffc0be414ad0c4"},
    {file = "simplejson-3.19.2-cp311-cp311-macosx_11_0_arm64.whl", hash = "sha256:08889f2f597ae965284d7b52a5c3928653a9406d88c93e3161180f0abc2433ba"},
    {file = "simplejson-3.19.2-cp311-cp311-manylinux_2_17_aarch64.manylinux2014_aarch64.whl", hash = "sha256:ef7938a78447174e2616be223f496ddccdbf7854f7bf2ce716dbccd958cc7d13"},
    {file = "simplejson-3.19.2-cp311-cp311-manylinux_2_17_ppc64le.manylinux2014_ppc64le.whl", hash = "sha256:a970a2e6d5281d56cacf3dc82081c95c1f4da5a559e52469287457811db6a79b"},
    {file = "simplejson-3.19.2-cp311-cp311-manylinux_2_5_i686.manylinux1_i686.manylinux_2_17_i686.manylinux2014_i686.whl", hash = "sha256:554313db34d63eac3b3f42986aa9efddd1a481169c12b7be1e7512edebff8eaf"},
    {file = "simplejson-3.19.2-cp311-cp311-manylinux_2_5_x86_64.manylinux1_x86_64.manylinux_2_17_x86_64.manylinux2014_x86_64.whl", hash = "sha256:4d36081c0b1c12ea0ed62c202046dca11438bee48dd5240b7c8de8da62c620e9"},
    {file = "simplejson-3.19.2-cp311-cp311-musllinux_1_1_aarch64.whl", hash = "sha256:a3cd18e03b0ee54ea4319cdcce48357719ea487b53f92a469ba8ca8e39df285e"},
    {file = "simplejson-3.19.2-cp311-cp311-musllinux_1_1_i686.whl", hash = "sha256:66e5dc13bfb17cd6ee764fc96ccafd6e405daa846a42baab81f4c60e15650414"},
    {file = "simplejson-3.19.2-cp311-cp311-musllinux_1_1_ppc64le.whl", hash = "sha256:972a7833d4a1fcf7a711c939e315721a88b988553fc770a5b6a5a64bd6ebeba3"},
    {file = "simplejson-3.19.2-cp311-cp311-musllinux_1_1_x86_64.whl", hash = "sha256:3e74355cb47e0cd399ead3477e29e2f50e1540952c22fb3504dda0184fc9819f"},
    {file = "simplejson-3.19.2-cp311-cp311-win32.whl", hash = "sha256:1dd4f692304854352c3e396e9b5f0a9c9e666868dd0bdc784e2ac4c93092d87b"},
    {file = "simplejson-3.19.2-cp311-cp311-win_amd64.whl", hash = "sha256:9300aee2a8b5992d0f4293d88deb59c218989833e3396c824b69ba330d04a589"},
    {file = "simplejson-3.19.2-cp312-cp312-macosx_10_9_universal2.whl", hash = "sha256:b8d940fd28eb34a7084877747a60873956893e377f15a32ad445fe66c972c3b8"},
    {file = "simplejson-3.19.2-cp312-cp312-macosx_10_9_x86_64.whl", hash = "sha256:4969d974d9db826a2c07671273e6b27bc48e940738d768fa8f33b577f0978378"},
    {file = "simplejson-3.19.2-cp312-cp312-macosx_11_0_arm64.whl", hash = "sha256:c594642d6b13d225e10df5c16ee15b3398e21a35ecd6aee824f107a625690374"},
    {file = "simplejson-3.19.2-cp312-cp312-manylinux_2_17_aarch64.manylinux2014_aarch64.whl", hash = "sha256:e2f5a398b5e77bb01b23d92872255e1bcb3c0c719a3be40b8df146570fe7781a"},
    {file = "simplejson-3.19.2-cp312-cp312-manylinux_2_17_ppc64le.manylinux2014_ppc64le.whl", hash = "sha256:176a1b524a3bd3314ed47029a86d02d5a95cc0bee15bd3063a1e1ec62b947de6"},
    {file = "simplejson-3.19.2-cp312-cp312-manylinux_2_5_i686.manylinux1_i686.manylinux_2_17_i686.manylinux2014_i686.whl", hash = "sha256:f3c7363a8cb8c5238878ec96c5eb0fc5ca2cb11fc0c7d2379863d342c6ee367a"},
    {file = "simplejson-3.19.2-cp312-cp312-manylinux_2_5_x86_64.manylinux1_x86_64.manylinux_2_17_x86_64.manylinux2014_x86_64.whl", hash = "sha256:346820ae96aa90c7d52653539a57766f10f33dd4be609206c001432b59ddf89f"},
    {file = "simplejson-3.19.2-cp312-cp312-musllinux_1_1_aarch64.whl", hash = "sha256:de9a2792612ec6def556d1dc621fd6b2073aff015d64fba9f3e53349ad292734"},
    {file = "simplejson-3.19.2-cp312-cp312-musllinux_1_1_i686.whl", hash = "sha256:1c768e7584c45094dca4b334af361e43b0aaa4844c04945ac7d43379eeda9bc2"},
    {file = "simplejson-3.19.2-cp312-cp312-musllinux_1_1_ppc64le.whl", hash = "sha256:9652e59c022e62a5b58a6f9948b104e5bb96d3b06940c6482588176f40f4914b"},
    {file = "simplejson-3.19.2-cp312-cp312-musllinux_1_1_x86_64.whl", hash = "sha256:9c1a4393242e321e344213a90a1e3bf35d2f624aa8b8f6174d43e3c6b0e8f6eb"},
    {file = "simplejson-3.19.2-cp312-cp312-win32.whl", hash = "sha256:7cb98be113911cb0ad09e5523d0e2a926c09a465c9abb0784c9269efe4f95917"},
    {file = "simplejson-3.19.2-cp312-cp312-win_amd64.whl", hash = "sha256:6779105d2fcb7fcf794a6a2a233787f6bbd4731227333a072d8513b252ed374f"},
    {file = "simplejson-3.19.2-cp36-cp36m-macosx_10_9_x86_64.whl", hash = "sha256:061e81ea2d62671fa9dea2c2bfbc1eec2617ae7651e366c7b4a2baf0a8c72cae"},
    {file = "simplejson-3.19.2-cp36-cp36m-manylinux_2_17_aarch64.manylinux2014_aarch64.whl", hash = "sha256:4280e460e51f86ad76dc456acdbfa9513bdf329556ffc8c49e0200878ca57816"},
    {file = "simplejson-3.19.2-cp36-cp36m-manylinux_2_17_ppc64le.manylinux2014_ppc64le.whl", hash = "sha256:11c39fbc4280d7420684494373b7c5904fa72a2b48ef543a56c2d412999c9e5d"},
    {file = "simplejson-3.19.2-cp36-cp36m-manylinux_2_5_i686.manylinux1_i686.manylinux_2_17_i686.manylinux2014_i686.whl", hash = "sha256:bccb3e88ec26ffa90f72229f983d3a5d1155e41a1171190fa723d4135523585b"},
    {file = "simplejson-3.19.2-cp36-cp36m-manylinux_2_5_x86_64.manylinux1_x86_64.manylinux_2_17_x86_64.manylinux2014_x86_64.whl", hash = "sha256:1bb5b50dc6dd671eb46a605a3e2eb98deb4a9af787a08fcdddabe5d824bb9664"},
    {file = "simplejson-3.19.2-cp36-cp36m-musllinux_1_1_aarch64.whl", hash = "sha256:d94245caa3c61f760c4ce4953cfa76e7739b6f2cbfc94cc46fff6c050c2390c5"},
    {file = "simplejson-3.19.2-cp36-cp36m-musllinux_1_1_i686.whl", hash = "sha256:d0e5ffc763678d48ecc8da836f2ae2dd1b6eb2d27a48671066f91694e575173c"},
    {file = "simplejson-3.19.2-cp36-cp36m-musllinux_1_1_ppc64le.whl", hash = "sha256:d222a9ed082cd9f38b58923775152003765016342a12f08f8c123bf893461f28"},
    {file = "simplejson-3.19.2-cp36-cp36m-musllinux_1_1_x86_64.whl", hash = "sha256:8434dcdd347459f9fd9c526117c01fe7ca7b016b6008dddc3c13471098f4f0dc"},
    {file = "simplejson-3.19.2-cp36-cp36m-win32.whl", hash = "sha256:c9ac1c2678abf9270e7228133e5b77c6c3c930ad33a3c1dfbdd76ff2c33b7b50"},
    {file = "simplejson-3.19.2-cp36-cp36m-win_amd64.whl", hash = "sha256:92c4a4a2b1f4846cd4364855cbac83efc48ff5a7d7c06ba014c792dd96483f6f"},
    {file = "simplejson-3.19.2-cp37-cp37m-macosx_10_9_x86_64.whl", hash = "sha256:0d551dc931638e2102b8549836a1632e6e7cf620af3d093a7456aa642bff601d"},
    {file = "simplejson-3.19.2-cp37-cp37m-manylinux_2_17_aarch64.manylinux2014_aarch64.whl", hash = "sha256:73a8a4653f2e809049999d63530180d7b5a344b23a793502413ad1ecea9a0290"},
    {file = "simplejson-3.19.2-cp37-cp37m-manylinux_2_17_ppc64le.manylinux2014_ppc64le.whl", hash = "sha256:40847f617287a38623507d08cbcb75d51cf9d4f9551dd6321df40215128325a3"},
    {file = "simplejson-3.19.2-cp37-cp37m-manylinux_2_5_i686.manylinux1_i686.manylinux_2_17_i686.manylinux2014_i686.whl", hash = "sha256:be893258d5b68dd3a8cba8deb35dc6411db844a9d35268a8d3793b9d9a256f80"},
    {file = "simplejson-3.19.2-cp37-cp37m-manylinux_2_5_x86_64.manylinux1_x86_64.manylinux_2_17_x86_64.manylinux2014_x86_64.whl", hash = "sha256:e9eb3cff1b7d71aa50c89a0536f469cb8d6dcdd585d8f14fb8500d822f3bdee4"},
    {file = "simplejson-3.19.2-cp37-cp37m-musllinux_1_1_aarch64.whl", hash = "sha256:d0f402e787e6e7ee7876c8b05e2fe6464820d9f35ba3f172e95b5f8b699f6c7f"},
    {file = "simplejson-3.19.2-cp37-cp37m-musllinux_1_1_i686.whl", hash = "sha256:fbbcc6b0639aa09b9649f36f1bcb347b19403fe44109948392fbb5ea69e48c3e"},
    {file = "simplejson-3.19.2-cp37-cp37m-musllinux_1_1_ppc64le.whl", hash = "sha256:2fc697be37585eded0c8581c4788fcfac0e3f84ca635b73a5bf360e28c8ea1a2"},
    {file = "simplejson-3.19.2-cp37-cp37m-musllinux_1_1_x86_64.whl", hash = "sha256:0b0a3eb6dd39cce23801a50c01a0976971498da49bc8a0590ce311492b82c44b"},
    {file = "simplejson-3.19.2-cp37-cp37m-win32.whl", hash = "sha256:49f9da0d6cd17b600a178439d7d2d57c5ef01f816b1e0e875e8e8b3b42db2693"},
    {file = "simplejson-3.19.2-cp37-cp37m-win_amd64.whl", hash = "sha256:c87c22bd6a987aca976e3d3e23806d17f65426191db36d40da4ae16a6a494cbc"},
    {file = "simplejson-3.19.2-cp38-cp38-macosx_10_9_universal2.whl", hash = "sha256:9e4c166f743bb42c5fcc60760fb1c3623e8fda94f6619534217b083e08644b46"},
    {file = "simplejson-3.19.2-cp38-cp38-macosx_10_9_x86_64.whl", hash = "sha256:0a48679310e1dd5c9f03481799311a65d343748fe86850b7fb41df4e2c00c087"},
    {file = "simplejson-3.19.2-cp38-cp38-macosx_11_0_arm64.whl", hash = "sha256:c0521e0f07cb56415fdb3aae0bbd8701eb31a9dfef47bb57206075a0584ab2a2"},
    {file = "simplejson-3.19.2-cp38-cp38-manylinux_2_17_aarch64.manylinux2014_aarch64.whl", hash = "sha256:0d2d5119b1d7a1ed286b8af37357116072fc96700bce3bec5bb81b2e7057ab41"},
    {file = "simplejson-3.19.2-cp38-cp38-manylinux_2_17_ppc64le.manylinux2014_ppc64le.whl", hash = "sha256:2c1467d939932901a97ba4f979e8f2642415fcf02ea12f53a4e3206c9c03bc17"},
    {file = "simplejson-3.19.2-cp38-cp38-manylinux_2_5_i686.manylinux1_i686.manylinux_2_17_i686.manylinux2014_i686.whl", hash = "sha256:49aaf4546f6023c44d7e7136be84a03a4237f0b2b5fb2b17c3e3770a758fc1a0"},
    {file = "simplejson-3.19.2-cp38-cp38-manylinux_2_5_x86_64.manylinux1_x86_64.manylinux_2_17_x86_64.manylinux2014_x86_64.whl", hash = "sha256:60848ab779195b72382841fc3fa4f71698a98d9589b0a081a9399904487b5832"},
    {file = "simplejson-3.19.2-cp38-cp38-musllinux_1_1_aarch64.whl", hash = "sha256:0436a70d8eb42bea4fe1a1c32d371d9bb3b62c637969cb33970ad624d5a3336a"},
    {file = "simplejson-3.19.2-cp38-cp38-musllinux_1_1_i686.whl", hash = "sha256:49e0e3faf3070abdf71a5c80a97c1afc059b4f45a5aa62de0c2ca0444b51669b"},
    {file = "simplejson-3.19.2-cp38-cp38-musllinux_1_1_ppc64le.whl", hash = "sha256:ff836cd4041e16003549449cc0a5e372f6b6f871eb89007ab0ee18fb2800fded"},
    {file = "simplejson-3.19.2-cp38-cp38-musllinux_1_1_x86_64.whl", hash = "sha256:3848427b65e31bea2c11f521b6fc7a3145d6e501a1038529da2391aff5970f2f"},
    {file = "simplejson-3.19.2-cp38-cp38-win32.whl", hash = "sha256:3f39bb1f6e620f3e158c8b2eaf1b3e3e54408baca96a02fe891794705e788637"},
    {file = "simplejson-3.19.2-cp38-cp38-win_amd64.whl", hash = "sha256:0405984f3ec1d3f8777c4adc33eac7ab7a3e629f3b1c05fdded63acc7cf01137"},
    {file = "simplejson-3.19.2-cp39-cp39-macosx_10_9_universal2.whl", hash = "sha256:445a96543948c011a3a47c8e0f9d61e9785df2544ea5be5ab3bc2be4bd8a2565"},
    {file = "simplejson-3.19.2-cp39-cp39-macosx_10_9_x86_64.whl", hash = "sha256:4a8c3cc4f9dfc33220246760358c8265dad6e1104f25f0077bbca692d616d358"},
    {file = "simplejson-3.19.2-cp39-cp39-macosx_11_0_arm64.whl", hash = "sha256:af9c7e6669c4d0ad7362f79cb2ab6784d71147503e62b57e3d95c4a0f222c01c"},
    {file = "simplejson-3.19.2-cp39-cp39-manylinux_2_17_aarch64.manylinux2014_aarch64.whl", hash = "sha256:064300a4ea17d1cd9ea1706aa0590dcb3be81112aac30233823ee494f02cb78a"},
    {file = "simplejson-3.19.2-cp39-cp39-manylinux_2_17_ppc64le.manylinux2014_ppc64le.whl", hash = "sha256:9453419ea2ab9b21d925d0fd7e3a132a178a191881fab4169b6f96e118cc25bb"},
    {file = "simplejson-3.19.2-cp39-cp39-manylinux_2_5_i686.manylinux1_i686.manylinux_2_17_i686.manylinux2014_i686.whl", hash = "sha256:9e038c615b3906df4c3be8db16b3e24821d26c55177638ea47b3f8f73615111c"},
    {file = "simplejson-3.19.2-cp39-cp39-manylinux_2_5_x86_64.manylinux1_x86_64.manylinux_2_17_x86_64.manylinux2014_x86_64.whl", hash = "sha256:16ca9c90da4b1f50f089e14485db8c20cbfff2d55424062791a7392b5a9b3ff9"},
    {file = "simplejson-3.19.2-cp39-cp39-musllinux_1_1_aarch64.whl", hash = "sha256:1018bd0d70ce85f165185d2227c71e3b1e446186f9fa9f971b69eee223e1e3cd"},
    {file = "simplejson-3.19.2-cp39-cp39-musllinux_1_1_i686.whl", hash = "sha256:e8dd53a8706b15bc0e34f00e6150fbefb35d2fd9235d095b4f83b3c5ed4fa11d"},
    {file = "simplejson-3.19.2-cp39-cp39-musllinux_1_1_ppc64le.whl", hash = "sha256:2d022b14d7758bfb98405672953fe5c202ea8a9ccf9f6713c5bd0718eba286fd"},
    {file = "simplejson-3.19.2-cp39-cp39-musllinux_1_1_x86_64.whl", hash = "sha256:febffa5b1eda6622d44b245b0685aff6fb555ce0ed734e2d7b1c3acd018a2cff"},
    {file = "simplejson-3.19.2-cp39-cp39-win32.whl", hash = "sha256:4edcd0bf70087b244ba77038db23cd98a1ace2f91b4a3ecef22036314d77ac23"},
    {file = "simplejson-3.19.2-cp39-cp39-win_amd64.whl", hash = "sha256:aad7405c033d32c751d98d3a65801e2797ae77fac284a539f6c3a3e13005edc4"},
    {file = "simplejson-3.19.2-py3-none-any.whl", hash = "sha256:bcedf4cae0d47839fee7de344f96b5694ca53c786f28b5f773d4f0b265a159eb"},
    {file = "simplejson-3.19.2.tar.gz", hash = "sha256:9eb442a2442ce417801c912df68e1f6ccfcd41577ae7274953ab3ad24ef7d82c"},
]

[[package]]
name = "sqlalchemy"
version = "2.0.30"
description = "Database Abstraction Library"
optional = false
python-versions = ">=3.7"
files = [
    {file = "SQLAlchemy-2.0.30-cp310-cp310-macosx_10_9_x86_64.whl", hash = "sha256:3b48154678e76445c7ded1896715ce05319f74b1e73cf82d4f8b59b46e9c0ddc"},
    {file = "SQLAlchemy-2.0.30-cp310-cp310-macosx_11_0_arm64.whl", hash = "sha256:2753743c2afd061bb95a61a51bbb6a1a11ac1c44292fad898f10c9839a7f75b2"},
    {file = "SQLAlchemy-2.0.30-cp310-cp310-manylinux_2_17_aarch64.manylinux2014_aarch64.whl", hash = "sha256:a7bfc726d167f425d4c16269a9a10fe8630ff6d14b683d588044dcef2d0f6be7"},
    {file = "SQLAlchemy-2.0.30-cp310-cp310-manylinux_2_17_x86_64.manylinux2014_x86_64.whl", hash = "sha256:c4f61ada6979223013d9ab83a3ed003ded6959eae37d0d685db2c147e9143797"},
    {file = "SQLAlchemy-2.0.30-cp310-cp310-musllinux_1_1_aarch64.whl", hash = "sha256:3a365eda439b7a00732638f11072907c1bc8e351c7665e7e5da91b169af794af"},
    {file = "SQLAlchemy-2.0.30-cp310-cp310-musllinux_1_1_x86_64.whl", hash = "sha256:bba002a9447b291548e8d66fd8c96a6a7ed4f2def0bb155f4f0a1309fd2735d5"},
    {file = "SQLAlchemy-2.0.30-cp310-cp310-win32.whl", hash = "sha256:0138c5c16be3600923fa2169532205d18891b28afa817cb49b50e08f62198bb8"},
    {file = "SQLAlchemy-2.0.30-cp310-cp310-win_amd64.whl", hash = "sha256:99650e9f4cf3ad0d409fed3eec4f071fadd032e9a5edc7270cd646a26446feeb"},
    {file = "SQLAlchemy-2.0.30-cp311-cp311-macosx_10_9_x86_64.whl", hash = "sha256:955991a09f0992c68a499791a753523f50f71a6885531568404fa0f231832aa0"},
    {file = "SQLAlchemy-2.0.30-cp311-cp311-macosx_11_0_arm64.whl", hash = "sha256:f69e4c756ee2686767eb80f94c0125c8b0a0b87ede03eacc5c8ae3b54b99dc46"},
    {file = "SQLAlchemy-2.0.30-cp311-cp311-manylinux_2_17_aarch64.manylinux2014_aarch64.whl", hash = "sha256:69c9db1ce00e59e8dd09d7bae852a9add716efdc070a3e2068377e6ff0d6fdaa"},
    {file = "SQLAlchemy-2.0.30-cp311-cp311-manylinux_2_17_x86_64.manylinux2014_x86_64.whl", hash = "sha256:a1429a4b0f709f19ff3b0cf13675b2b9bfa8a7e79990003207a011c0db880a13"},
    {file = "SQLAlchemy-2.0.30-cp311-cp311-musllinux_1_1_aarch64.whl", hash = "sha256:efedba7e13aa9a6c8407c48facfdfa108a5a4128e35f4c68f20c3407e4376aa9"},
    {file = "SQLAlchemy-2.0.30-cp311-cp311-musllinux_1_1_x86_64.whl", hash = "sha256:16863e2b132b761891d6c49f0a0f70030e0bcac4fd208117f6b7e053e68668d0"},
    {file = "SQLAlchemy-2.0.30-cp311-cp311-win32.whl", hash = "sha256:2ecabd9ccaa6e914e3dbb2aa46b76dede7eadc8cbf1b8083c94d936bcd5ffb49"},
    {file = "SQLAlchemy-2.0.30-cp311-cp311-win_amd64.whl", hash = "sha256:0b3f4c438e37d22b83e640f825ef0f37b95db9aa2d68203f2c9549375d0b2260"},
    {file = "SQLAlchemy-2.0.30-cp312-cp312-macosx_10_9_x86_64.whl", hash = "sha256:5a79d65395ac5e6b0c2890935bad892eabb911c4aa8e8015067ddb37eea3d56c"},
    {file = "SQLAlchemy-2.0.30-cp312-cp312-macosx_11_0_arm64.whl", hash = "sha256:9a5baf9267b752390252889f0c802ea13b52dfee5e369527da229189b8bd592e"},
    {file = "SQLAlchemy-2.0.30-cp312-cp312-manylinux_2_17_aarch64.manylinux2014_aarch64.whl", hash = "sha256:3cb5a646930c5123f8461f6468901573f334c2c63c795b9af350063a736d0134"},
    {file = "SQLAlchemy-2.0.30-cp312-cp312-manylinux_2_17_x86_64.manylinux2014_x86_64.whl", hash = "sha256:296230899df0b77dec4eb799bcea6fbe39a43707ce7bb166519c97b583cfcab3"},
    {file = "SQLAlchemy-2.0.30-cp312-cp312-musllinux_1_1_aarch64.whl", hash = "sha256:c62d401223f468eb4da32627bffc0c78ed516b03bb8a34a58be54d618b74d472"},
    {file = "SQLAlchemy-2.0.30-cp312-cp312-musllinux_1_1_x86_64.whl", hash = "sha256:3b69e934f0f2b677ec111b4d83f92dc1a3210a779f69bf905273192cf4ed433e"},
    {file = "SQLAlchemy-2.0.30-cp312-cp312-win32.whl", hash = "sha256:77d2edb1f54aff37e3318f611637171e8ec71472f1fdc7348b41dcb226f93d90"},
    {file = "SQLAlchemy-2.0.30-cp312-cp312-win_amd64.whl", hash = "sha256:b6c7ec2b1f4969fc19b65b7059ed00497e25f54069407a8701091beb69e591a5"},
    {file = "SQLAlchemy-2.0.30-cp37-cp37m-macosx_10_9_x86_64.whl", hash = "sha256:5a8e3b0a7e09e94be7510d1661339d6b52daf202ed2f5b1f9f48ea34ee6f2d57"},
    {file = "SQLAlchemy-2.0.30-cp37-cp37m-manylinux_2_17_aarch64.manylinux2014_aarch64.whl", hash = "sha256:b60203c63e8f984df92035610c5fb76d941254cf5d19751faab7d33b21e5ddc0"},
    {file = "SQLAlchemy-2.0.30-cp37-cp37m-manylinux_2_17_x86_64.manylinux2014_x86_64.whl", hash = "sha256:f1dc3eabd8c0232ee8387fbe03e0a62220a6f089e278b1f0aaf5e2d6210741ad"},
    {file = "SQLAlchemy-2.0.30-cp37-cp37m-musllinux_1_1_aarch64.whl", hash = "sha256:40ad017c672c00b9b663fcfcd5f0864a0a97828e2ee7ab0c140dc84058d194cf"},
    {file = "SQLAlchemy-2.0.30-cp37-cp37m-musllinux_1_1_x86_64.whl", hash = "sha256:e42203d8d20dc704604862977b1470a122e4892791fe3ed165f041e4bf447a1b"},
    {file = "SQLAlchemy-2.0.30-cp37-cp37m-win32.whl", hash = "sha256:2a4f4da89c74435f2bc61878cd08f3646b699e7d2eba97144030d1be44e27584"},
    {file = "SQLAlchemy-2.0.30-cp37-cp37m-win_amd64.whl", hash = "sha256:b6bf767d14b77f6a18b6982cbbf29d71bede087edae495d11ab358280f304d8e"},
    {file = "SQLAlchemy-2.0.30-cp38-cp38-macosx_10_9_x86_64.whl", hash = "sha256:bc0c53579650a891f9b83fa3cecd4e00218e071d0ba00c4890f5be0c34887ed3"},
    {file = "SQLAlchemy-2.0.30-cp38-cp38-macosx_11_0_arm64.whl", hash = "sha256:311710f9a2ee235f1403537b10c7687214bb1f2b9ebb52702c5aa4a77f0b3af7"},
    {file = "SQLAlchemy-2.0.30-cp38-cp38-manylinux_2_17_aarch64.manylinux2014_aarch64.whl", hash = "sha256:408f8b0e2c04677e9c93f40eef3ab22f550fecb3011b187f66a096395ff3d9fd"},
    {file = "SQLAlchemy-2.0.30-cp38-cp38-manylinux_2_17_x86_64.manylinux2014_x86_64.whl", hash = "sha256:37a4b4fb0dd4d2669070fb05b8b8824afd0af57587393015baee1cf9890242d9"},
    {file = "SQLAlchemy-2.0.30-cp38-cp38-musllinux_1_1_aarch64.whl", hash = "sha256:a943d297126c9230719c27fcbbeab57ecd5d15b0bd6bfd26e91bfcfe64220621"},
    {file = "SQLAlchemy-2.0.30-cp38-cp38-musllinux_1_1_x86_64.whl", hash = "sha256:0a089e218654e740a41388893e090d2e2c22c29028c9d1353feb38638820bbeb"},
    {file = "SQLAlchemy-2.0.30-cp38-cp38-win32.whl", hash = "sha256:fa561138a64f949f3e889eb9ab8c58e1504ab351d6cf55259dc4c248eaa19da6"},
    {file = "SQLAlchemy-2.0.30-cp38-cp38-win_amd64.whl", hash = "sha256:7d74336c65705b986d12a7e337ba27ab2b9d819993851b140efdf029248e818e"},
    {file = "SQLAlchemy-2.0.30-cp39-cp39-macosx_10_9_x86_64.whl", hash = "sha256:ae8c62fe2480dd61c532ccafdbce9b29dacc126fe8be0d9a927ca3e699b9491a"},
    {file = "SQLAlchemy-2.0.30-cp39-cp39-macosx_11_0_arm64.whl", hash = "sha256:2383146973a15435e4717f94c7509982770e3e54974c71f76500a0136f22810b"},
    {file = "SQLAlchemy-2.0.30-cp39-cp39-manylinux_2_17_aarch64.manylinux2014_aarch64.whl", hash = "sha256:8409de825f2c3b62ab15788635ccaec0c881c3f12a8af2b12ae4910a0a9aeef6"},
    {file = "SQLAlchemy-2.0.30-cp39-cp39-manylinux_2_17_x86_64.manylinux2014_x86_64.whl", hash = "sha256:0094c5dc698a5f78d3d1539853e8ecec02516b62b8223c970c86d44e7a80f6c7"},
    {file = "SQLAlchemy-2.0.30-cp39-cp39-musllinux_1_1_aarch64.whl", hash = "sha256:edc16a50f5e1b7a06a2dcc1f2205b0b961074c123ed17ebda726f376a5ab0953"},
    {file = "SQLAlchemy-2.0.30-cp39-cp39-musllinux_1_1_x86_64.whl", hash = "sha256:f7703c2010355dd28f53deb644a05fc30f796bd8598b43f0ba678878780b6e4c"},
    {file = "SQLAlchemy-2.0.30-cp39-cp39-win32.whl", hash = "sha256:1f9a727312ff6ad5248a4367358e2cf7e625e98b1028b1d7ab7b806b7d757513"},
    {file = "SQLAlchemy-2.0.30-cp39-cp39-win_amd64.whl", hash = "sha256:a0ef36b28534f2a5771191be6edb44cc2673c7b2edf6deac6562400288664221"},
    {file = "SQLAlchemy-2.0.30-py3-none-any.whl", hash = "sha256:7108d569d3990c71e26a42f60474b4c02c8586c4681af5fd67e51a044fdea86a"},
    {file = "SQLAlchemy-2.0.30.tar.gz", hash = "sha256:2b1708916730f4830bc69d6f49d37f7698b5bd7530aca7f04f785f8849e95255"},
]

[package.dependencies]
greenlet = {version = "!=0.4.17", markers = "platform_machine == \"aarch64\" or platform_machine == \"ppc64le\" or platform_machine == \"x86_64\" or platform_machine == \"amd64\" or platform_machine == \"AMD64\" or platform_machine == \"win32\" or platform_machine == \"WIN32\""}
typing-extensions = ">=4.6.0"

[package.extras]
aiomysql = ["aiomysql (>=0.2.0)", "greenlet (!=0.4.17)"]
aioodbc = ["aioodbc", "greenlet (!=0.4.17)"]
aiosqlite = ["aiosqlite", "greenlet (!=0.4.17)", "typing_extensions (!=3.10.0.1)"]
asyncio = ["greenlet (!=0.4.17)"]
asyncmy = ["asyncmy (>=0.2.3,!=0.2.4,!=0.2.6)", "greenlet (!=0.4.17)"]
mariadb-connector = ["mariadb (>=1.0.1,!=1.1.2,!=1.1.5)"]
mssql = ["pyodbc"]
mssql-pymssql = ["pymssql"]
mssql-pyodbc = ["pyodbc"]
mypy = ["mypy (>=0.910)"]
mysql = ["mysqlclient (>=1.4.0)"]
mysql-connector = ["mysql-connector-python"]
oracle = ["cx_oracle (>=8)"]
oracle-oracledb = ["oracledb (>=1.0.1)"]
postgresql = ["psycopg2 (>=2.7)"]
postgresql-asyncpg = ["asyncpg", "greenlet (!=0.4.17)"]
postgresql-pg8000 = ["pg8000 (>=1.29.1)"]
postgresql-psycopg = ["psycopg (>=3.0.7)"]
postgresql-psycopg2binary = ["psycopg2-binary"]
postgresql-psycopg2cffi = ["psycopg2cffi"]
postgresql-psycopgbinary = ["psycopg[binary] (>=3.0.7)"]
pymysql = ["pymysql"]
sqlcipher = ["sqlcipher3_binary"]

[[package]]
name = "typing-extensions"
version = "4.12.1"
description = "Backported and Experimental Type Hints for Python 3.8+"
optional = false
python-versions = ">=3.8"
files = [
    {file = "typing_extensions-4.12.1-py3-none-any.whl", hash = "sha256:6024b58b69089e5a89c347397254e35f1bf02a907728ec7fee9bf0fe837d203a"},
    {file = "typing_extensions-4.12.1.tar.gz", hash = "sha256:915f5e35ff76f56588223f15fdd5938f9a1cf9195c0de25130c627e4d597f6d1"},
]

[metadata]
lock-version = "2.0"
python-versions = "^3.12"
content-hash = "a2ceca1a14a2f1597294c60e5f5b6dddcfef94c0c626a3ee0ed6387d3adcac53"
